
Microsoft Visual Studio Solution File, Format Version 12.00
# Visual Studio 15
VisualStudioVersion = 15.0.27130.2020
MinimumVisualStudioVersion = 10.0.40219.1
Project("{FAE04EC0-301F-11D3-BF4B-00C04F79EFBC}") = "BirthdayCardGenerator", "BirthdayCardGenerator\BirthdayCardGenerator.csproj", "{8E80D2C6-771D-4013-A670-560A1CC8D034}"
EndProject
Global
	GlobalSection(SolutionConfigurationPlatforms) = preSolution
		Debug|Any CPU = Debug|Any CPU
		Release|Any CPU = Release|Any CPU
	EndGlobalSection
	GlobalSection(ProjectConfigurationPlatforms) = postSolution
		{8E80D2C6-771D-4013-A670-560A1CC8D034}.Debug|Any CPU.ActiveCfg = Debug|Any CPU
		{8E80D2C6-771D-4013-A670-560A1CC8D034}.Debug|Any CPU.Build.0 = Debug|Any CPU
		{8E80D2C6-771D-4013-A670-560A1CC8D034}.Release|Any CPU.ActiveCfg = Release|Any CPU
		{8E80D2C6-771D-4013-A670-560A1CC8D034}.Release|Any CPU.Build.0 = Release|Any CPU
	EndGlobalSection
	GlobalSection(SolutionProperties) = preSolution
		HideSolutionNode = FALSE
	EndGlobalSection
	GlobalSection(ExtensibilityGlobals) = postSolution
		SolutionGuid = {2C8C25A4-CBEC-4E3B-96DB-29B7D148C0B3}
	EndGlobalSection
EndGlobal
